// !$*UTF8*$!
{
	archiveVersion = 1;
	classes = {
	};
	objectVersion = 45;
	objects = {

/* Begin PBXBuildFile section */
		1DDD58160DA1D0A300B32029 /* MainMenu.xib in Resources */ = {isa = PBXBuildFile; fileRef = 1DDD58140DA1D0A300B32029 /* MainMenu.xib */; };
		256AC3DA0F4B6AC300CF3369 /* ServerAppDelegate.m in Sources */ = {isa = PBXBuildFile; fileRef = 256AC3D90F4B6AC300CF3369 /* ServerAppDelegate.m */; };
		8D11072B0486CEB800E47090 /* InfoPlist.strings in Resources */ = {isa = PBXBuildFile; fileRef = 089C165CFE840E0CC02AAC07 /* InfoPlist.strings */; };
		8D11072D0486CEB800E47090 /* main.m in Sources */ = {isa = PBXBuildFile; fileRef = 29B97316FDCFA39411CA2CEA /* main.m */; settings = {ATTRIBUTES = (); }; };
		8D11072F0486CEB800E47090 /* Cocoa.framework in Frameworks */ = {isa = PBXBuildFile; fileRef = 1058C7A1FEA54F0111CA2CBB /* Cocoa.framework */; };
		BD40D86E1271BF6E00DFB266 /* SyphonDispatch.c in Sources */ = {isa = PBXBuildFile; fileRef = BD40D86D1271BF6E00DFB266 /* SyphonDispatch.c */; };
		BD7658F5126675EC00495BA2 /* SyphonMessageQueue.m in Sources */ = {isa = PBXBuildFile; fileRef = BD7658F2126675EC00495BA2 /* SyphonMessageQueue.m */; };
		BDB8DAA91211F70A0028D250 /* SyphonMessageSender.m in Sources */ = {isa = PBXBuildFile; fileRef = BDB8DAA41211F70A0028D250 /* SyphonMessageSender.m */; };
		BDB8DAAA1211F70A0028D250 /* SyphonCFMessageSender.m in Sources */ = {isa = PBXBuildFile; fileRef = BDB8DAA61211F70A0028D250 /* SyphonCFMessageSender.m */; };
		BDB8DAAB1211F70A0028D250 /* SyphonMachMessageSender.m in Sources */ = {isa = PBXBuildFile; fileRef = BDB8DAA81211F70A0028D250 /* SyphonMachMessageSender.m */; };
		BDB8DB65121206AE0028D250 /* SyphonMessaging.m in Sources */ = {isa = PBXBuildFile; fileRef = BDB8DB64121206AE0028D250 /* SyphonMessaging.m */; };
		E2A73267139EBF240087B84E /* SyphonCFMessageReceiver.m in Sources */ = {isa = PBXBuildFile; fileRef = E2A73266139EBF240087B84E /* SyphonCFMessageReceiver.m */; };
		E2A73275139EC6800087B84E /* SyphonMessageReceiver.m in Sources */ = {isa = PBXBuildFile; fileRef = E2A73274139EC6800087B84E /* SyphonMessageReceiver.m */; };
/* End PBXBuildFile section */

/* Begin PBXFileReference section */
		089C165DFE840E0CC02AAC07 /* English */ = {isa = PBXFileReference; fileEncoding = 4; lastKnownFileType = text.plist.strings; name = English; path = English.lproj/InfoPlist.strings; sourceTree = "<group>"; };
		1058C7A1FEA54F0111CA2CBB /* Cocoa.framework */ = {isa = PBXFileReference; lastKnownFileType = wrapper.framework; name = Cocoa.framework; path = /System/Library/Frameworks/Cocoa.framework; sourceTree = "<absolute>"; };
		13E42FB307B3F0F600E4EEF1 /* CoreData.framework */ = {isa = PBXFileReference; lastKnownFileType = wrapper.framework; name = CoreData.framework; path = /System/Library/Frameworks/CoreData.framework; sourceTree = "<absolute>"; };
		1DDD58150DA1D0A300B32029 /* English */ = {isa = PBXFileReference; lastKnownFileType = file.xib; name = English; path = English.lproj/MainMenu.xib; sourceTree = "<group>"; };
		256AC3D80F4B6AC300CF3369 /* ServerAppDelegate.h */ = {isa = PBXFileReference; fileEncoding = 4; lastKnownFileType = sourcecode.c.h; path = ServerAppDelegate.h; sourceTree = "<group>"; };
		256AC3D90F4B6AC300CF3369 /* ServerAppDelegate.m */ = {isa = PBXFileReference; fileEncoding = 4; lastKnownFileType = sourcecode.c.objc; path = ServerAppDelegate.m; sourceTree = "<group>"; };
		256AC3F00F4B6AF500CF3369 /* Server_Prefix.pch */ = {isa = PBXFileReference; fileEncoding = 4; lastKnownFileType = sourcecode.c.h; path = Server_Prefix.pch; sourceTree = "<group>"; };
		29B97316FDCFA39411CA2CEA /* main.m */ = {isa = PBXFileReference; fileEncoding = 4; lastKnownFileType = sourcecode.c.objc; path = main.m; sourceTree = "<group>"; };
		29B97324FDCFA39411CA2CEA /* AppKit.framework */ = {isa = PBXFileReference; lastKnownFileType = wrapper.framework; name = AppKit.framework; path = /System/Library/Frameworks/AppKit.framework; sourceTree = "<absolute>"; };
		29B97325FDCFA39411CA2CEA /* Foundation.framework */ = {isa = PBXFileReference; lastKnownFileType = wrapper.framework; name = Foundation.framework; path = /System/Library/Frameworks/Foundation.framework; sourceTree = "<absolute>"; };
		8D1107310486CEB800E47090 /* Server-Info.plist */ = {isa = PBXFileReference; fileEncoding = 4; lastKnownFileType = text.plist.xml; path = "Server-Info.plist"; sourceTree = "<group>"; };
		8D1107320486CEB800E47090 /* Server.app */ = {isa = PBXFileReference; explicitFileType = wrapper.application; includeInIndex = 0; path = Server.app; sourceTree = BUILT_PRODUCTS_DIR; };
		BD40D86C1271BF6700DFB266 /* SyphonDispatch.h */ = {isa = PBXFileReference; fileEncoding = 4; lastKnownFileType = sourcecode.c.h; name = SyphonDispatch.h; path = "../../../Syphon Framework/SyphonDispatch.h"; sourceTree = SOURCE_ROOT; };
		BD40D86D1271BF6E00DFB266 /* SyphonDispatch.c */ = {isa = PBXFileReference; fileEncoding = 4; lastKnownFileType = sourcecode.c.c; name = SyphonDispatch.c; path = "../../../Syphon Framework/SyphonDispatch.c"; sourceTree = SOURCE_ROOT; };
		BD76584A12666EC800495BA2 /* SyphonBuildMacros.h */ = {isa = PBXFileReference; fileEncoding = 4; lastKnownFileType = sourcecode.c.h; name = SyphonBuildMacros.h; path = "../../../Syphon Framework/SyphonBuildMacros.h"; sourceTree = SOURCE_ROOT; };
		BD7658F1126675EC00495BA2 /* SyphonMessageQueue.h */ = {isa = PBXFileReference; fileEncoding = 4; lastKnownFileType = sourcecode.c.h; name = SyphonMessageQueue.h; path = "../../../Syphon Framework/SyphonMessageQueue.h"; sourceTree = SOURCE_ROOT; };
		BD7658F2126675EC00495BA2 /* SyphonMessageQueue.m */ = {isa = PBXFileReference; fileEncoding = 4; lastKnownFileType = sourcecode.c.objc; name = SyphonMessageQueue.m; path = "../../../Syphon Framework/SyphonMessageQueue.m"; sourceTree = SOURCE_ROOT; };
		BDB8DAA31211F70A0028D250 /* SyphonMessageSender.h */ = {isa = PBXFileReference; fileEncoding = 4; lastKnownFileType = sourcecode.c.h; name = SyphonMessageSender.h; path = "../../../Syphon Framework/SyphonMessageSender.h"; sourceTree = SOURCE_ROOT; };
		BDB8DAA41211F70A0028D250 /* SyphonMessageSender.m */ = {isa = PBXFileReference; fileEncoding = 4; lastKnownFileType = sourcecode.c.objc; name = SyphonMessageSender.m; path = "../../../Syphon Framework/SyphonMessageSender.m"; sourceTree = SOURCE_ROOT; };
		BDB8DAA51211F70A0028D250 /* SyphonCFMessageSender.h */ = {isa = PBXFileReference; fileEncoding = 4; lastKnownFileType = sourcecode.c.h; name = SyphonCFMessageSender.h; path = "../../../Syphon Framework/SyphonCFMessageSender.h"; sourceTree = SOURCE_ROOT; };
		BDB8DAA61211F70A0028D250 /* SyphonCFMessageSender.m */ = {isa = PBXFileReference; fileEncoding = 4; lastKnownFileType = sourcecode.c.objc; name = SyphonCFMessageSender.m; path = "../../../Syphon Framework/SyphonCFMessageSender.m"; sourceTree = SOURCE_ROOT; };
		BDB8DAA71211F70A0028D250 /* SyphonMachMessageSender.h */ = {isa = PBXFileReference; fileEncoding = 4; lastKnownFileType = sourcecode.c.h; name = SyphonMachMessageSender.h; path = "../../../Syphon Framework/SyphonMachMessageSender.h"; sourceTree = SOURCE_ROOT; };
		BDB8DAA81211F70A0028D250 /* SyphonMachMessageSender.m */ = {isa = PBXFileReference; fileEncoding = 4; lastKnownFileType = sourcecode.c.objc; name = SyphonMachMessageSender.m; path = "../../../Syphon Framework/SyphonMachMessageSender.m"; sourceTree = SOURCE_ROOT; };
		BDB8DB63121206AE0028D250 /* SyphonMessaging.h */ = {isa = PBXFileReference; fileEncoding = 4; lastKnownFileType = sourcecode.c.h; name = SyphonMessaging.h; path = "../../../Syphon Framework/SyphonMessaging.h"; sourceTree = SOURCE_ROOT; };
		BDB8DB64121206AE0028D250 /* SyphonMessaging.m */ = {isa = PBXFileReference; fileEncoding = 4; lastKnownFileType = sourcecode.c.objc; name = SyphonMessaging.m; path = "../../../Syphon Framework/SyphonMessaging.m"; sourceTree = SOURCE_ROOT; };
		E2A73265139EBF240087B84E /* SyphonCFMessageReceiver.h */ = {isa = PBXFileReference; fileEncoding = 4; lastKnownFileType = sourcecode.c.h; name = SyphonCFMessageReceiver.h; path = "../../../Syphon Framework/SyphonCFMessageReceiver.h"; sourceTree = "<group>"; };
		E2A73266139EBF240087B84E /* SyphonCFMessageReceiver.m */ = {isa = PBXFileReference; fileEncoding = 4; lastKnownFileType = sourcecode.c.objc; name = SyphonCFMessageReceiver.m; path = "../../../Syphon Framework/SyphonCFMessageReceiver.m"; sourceTree = "<group>"; };
		E2A73269139EC3E80087B84E /* TestMessages.h */ = {isa = PBXFileReference; fileEncoding = 4; lastKnownFileType = sourcecode.c.h; name = TestMessages.h; path = ../TestMessages.h; sourceTree = "<group>"; };
		E2A73273139EC6800087B84E /* SyphonMessageReceiver.h */ = {isa = PBXFileReference; fileEncoding = 4; lastKnownFileType = sourcecode.c.h; name = SyphonMessageReceiver.h; path = "../../../Syphon Framework/SyphonMessageReceiver.h"; sourceTree = "<group>"; };
		E2A73274139EC6800087B84E /* SyphonMessageReceiver.m */ = {isa = PBXFileReference; fileEncoding = 4; lastKnownFileType = sourcecode.c.objc; name = SyphonMessageReceiver.m; path = "../../../Syphon Framework/SyphonMessageReceiver.m"; sourceTree = "<group>"; };
/* End PBXFileReference section */

/* Begin PBXFrameworksBuildPhase section */
		8D11072E0486CEB800E47090 /* Frameworks */ = {
			isa = PBXFrameworksBuildPhase;
			buildActionMask = 2147483647;
			files = (
				8D11072F0486CEB800E47090 /* Cocoa.framework in Frameworks */,
			);
			runOnlyForDeploymentPostprocessing = 0;
		};
/* End PBXFrameworksBuildPhase section */

/* Begin PBXGroup section */
		080E96DDFE201D6D7F000001 /* From Syphon */ = {
			isa = PBXGroup;
			children = (
				E2A73273139EC6800087B84E /* SyphonMessageReceiver.h */,
				E2A73274139EC6800087B84E /* SyphonMessageReceiver.m */,
				BD7658F1126675EC00495BA2 /* SyphonMessageQueue.h */,
				BD7658F2126675EC00495BA2 /* SyphonMessageQueue.m */,
				BD76584A12666EC800495BA2 /* SyphonBuildMacros.h */,
				BDB8DB63121206AE0028D250 /* SyphonMessaging.h */,
				BDB8DB64121206AE0028D250 /* SyphonMessaging.m */,
				BDB8DAA31211F70A0028D250 /* SyphonMessageSender.h */,
				BDB8DAA41211F70A0028D250 /* SyphonMessageSender.m */,
				BDB8DAA51211F70A0028D250 /* SyphonCFMessageSender.h */,
				BDB8DAA61211F70A0028D250 /* SyphonCFMessageSender.m */,
				E2A73265139EBF240087B84E /* SyphonCFMessageReceiver.h */,
				E2A73266139EBF240087B84E /* SyphonCFMessageReceiver.m */,
				BDB8DAA71211F70A0028D250 /* SyphonMachMessageSender.h */,
				BDB8DAA81211F70A0028D250 /* SyphonMachMessageSender.m */,
				BD40D86C1271BF6700DFB266 /* SyphonDispatch.h */,
				BD40D86D1271BF6E00DFB266 /* SyphonDispatch.c */,
			);
			name = "From Syphon";
			sourceTree = "<group>";
		};
		1058C7A0FEA54F0111CA2CBB /* Linked Frameworks */ = {
			isa = PBXGroup;
			children = (
				1058C7A1FEA54F0111CA2CBB /* Cocoa.framework */,
			);
			name = "Linked Frameworks";
			sourceTree = "<group>";
		};
		1058C7A2FEA54F0111CA2CBB /* Other Frameworks */ = {
			isa = PBXGroup;
			children = (
				29B97324FDCFA39411CA2CEA /* AppKit.framework */,
				13E42FB307B3F0F600E4EEF1 /* CoreData.framework */,
				29B97325FDCFA39411CA2CEA /* Foundation.framework */,
			);
			name = "Other Frameworks";
			sourceTree = "<group>";
		};
		19C28FACFE9D520D11CA2CBB /* Products */ = {
			isa = PBXGroup;
			children = (
				8D1107320486CEB800E47090 /* Server.app */,
			);
			name = Products;
			sourceTree = "<group>";
		};
		29B97314FDCFA39411CA2CEA /* Server */ = {
			isa = PBXGroup;
			children = (
				080E96DDFE201D6D7F000001 /* From Syphon */,
				29B97315FDCFA39411CA2CEA /* App */,
				29B97317FDCFA39411CA2CEA /* Resources */,
				29B97323FDCFA39411CA2CEA /* Frameworks */,
				19C28FACFE9D520D11CA2CBB /* Products */,
			);
			name = Server;
			sourceTree = "<group>";
		};
		29B97315FDCFA39411CA2CEA /* App */ = {
			isa = PBXGroup;
			children = (
				E2A73269139EC3E80087B84E /* TestMessages.h */,
				256AC3D80F4B6AC300CF3369 /* ServerAppDelegate.h */,
				256AC3D90F4B6AC300CF3369 /* ServerAppDelegate.m */,
				256AC3F00F4B6AF500CF3369 /* Server_Prefix.pch */,
				29B97316FDCFA39411CA2CEA /* main.m */,
			);
			name = App;
			sourceTree = "<group>";
		};
		29B97317FDCFA39411CA2CEA /* Resources */ = {
			isa = PBXGroup;
			children = (
				8D1107310486CEB800E47090 /* Server-Info.plist */,
				089C165CFE840E0CC02AAC07 /* InfoPlist.strings */,
				1DDD58140DA1D0A300B32029 /* MainMenu.xib */,
			);
			name = Resources;
			sourceTree = "<group>";
		};
		29B97323FDCFA39411CA2CEA /* Frameworks */ = {
			isa = PBXGroup;
			children = (
				1058C7A0FEA54F0111CA2CBB /* Linked Frameworks */,
				1058C7A2FEA54F0111CA2CBB /* Other Frameworks */,
			);
			name = Frameworks;
			sourceTree = "<group>";
		};
/* End PBXGroup section */

/* Begin PBXNativeTarget section */
		8D1107260486CEB800E47090 /* Server */ = {
			isa = PBXNativeTarget;
			buildConfigurationList = C01FCF4A08A954540054247B /* Build configuration list for PBXNativeTarget "Server" */;
			buildPhases = (
				8D1107290486CEB800E47090 /* Resources */,
				8D11072C0486CEB800E47090 /* Sources */,
				8D11072E0486CEB800E47090 /* Frameworks */,
			);
			buildRules = (
			);
			dependencies = (
			);
			name = Server;
			productInstallPath = "$(HOME)/Applications";
			productName = Server;
			productReference = 8D1107320486CEB800E47090 /* Server.app */;
			productType = "com.apple.product-type.application";
		};
/* End PBXNativeTarget section */

/* Begin PBXProject section */
		29B97313FDCFA39411CA2CEA /* Project object */ = {
			isa = PBXProject;
			buildConfigurationList = C01FCF4E08A954540054247B /* Build configuration list for PBXProject "Server" */;
			compatibilityVersion = "Xcode 3.1";
			developmentRegion = English;
			hasScannedForEncodings = 1;
			knownRegions = (
				English,
				Japanese,
				French,
				German,
			);
			mainGroup = 29B97314FDCFA39411CA2CEA /* Server */;
			projectDirPath = "";
			projectRoot = "";
			targets = (
				8D1107260486CEB800E47090 /* Server */,
			);
		};
/* End PBXProject section */

/* Begin PBXResourcesBuildPhase section */
		8D1107290486CEB800E47090 /* Resources */ = {
			isa = PBXResourcesBuildPhase;
			buildActionMask = 2147483647;
			files = (
				8D11072B0486CEB800E47090 /* InfoPlist.strings in Resources */,
				1DDD58160DA1D0A300B32029 /* MainMenu.xib in Resources */,
			);
			runOnlyForDeploymentPostprocessing = 0;
		};
/* End PBXResourcesBuildPhase section */

/* Begin PBXSourcesBuildPhase section */
		8D11072C0486CEB800E47090 /* Sources */ = {
			isa = PBXSourcesBuildPhase;
			buildActionMask = 2147483647;
			files = (
				8D11072D0486CEB800E47090 /* main.m in Sources */,
				256AC3DA0F4B6AC300CF3369 /* ServerAppDelegate.m in Sources */,
				BDB8DAA91211F70A0028D250 /* SyphonMessageSender.m in Sources */,
				BDB8DAAA1211F70A0028D250 /* SyphonCFMessageSender.m in Sources */,
				BDB8DAAB1211F70A0028D250 /* SyphonMachMessageSender.m in Sources */,
				BDB8DB65121206AE0028D250 /* SyphonMessaging.m in Sources */,
				BD7658F5126675EC00495BA2 /* SyphonMessageQueue.m in Sources */,
				BD40D86E1271BF6E00DFB266 /* SyphonDispatch.c in Sources */,
				E2A73267139EBF240087B84E /* SyphonCFMessageReceiver.m in Sources */,
				E2A73275139EC6800087B84E /* SyphonMessageReceiver.m in Sources */,
			);
			runOnlyForDeploymentPostprocessing = 0;
		};
/* End PBXSourcesBuildPhase section */

/* Begin PBXVariantGroup section */
		089C165CFE840E0CC02AAC07 /* InfoPlist.strings */ = {
			isa = PBXVariantGroup;
			children = (
				089C165DFE840E0CC02AAC07 /* English */,
			);
			name = InfoPlist.strings;
			sourceTree = "<group>";
		};
		1DDD58140DA1D0A300B32029 /* MainMenu.xib */ = {
			isa = PBXVariantGroup;
			children = (
				1DDD58150DA1D0A300B32029 /* English */,
			);
			name = MainMenu.xib;
			sourceTree = "<group>";
		};
/* End PBXVariantGroup section */

/* Begin XCBuildConfiguration section */
		C01FCF4B08A954540054247B /* Debug */ = {
			isa = XCBuildConfiguration;
			buildSettings = {
				ALWAYS_SEARCH_USER_PATHS = NO;
				COPY_PHASE_STRIP = NO;
				GCC_DYNAMIC_NO_PIC = NO;
				GCC_ENABLE_FIX_AND_CONTINUE = YES;
				GCC_MODEL_TUNING = G5;
				GCC_OPTIMIZATION_LEVEL = 0;
				GCC_PRECOMPILE_PREFIX_HEADER = YES;
				GCC_PREFIX_HEADER = Server_Prefix.pch;
				INFOPLIST_FILE = "Server-Info.plist";
				INSTALL_PATH = "$(HOME)/Applications";
				PRODUCT_NAME = Server;
			};
			name = Debug;
		};
		C01FCF4C08A954540054247B /* Release */ = {
			isa = XCBuildConfiguration;
			buildSettings = {
				ALWAYS_SEARCH_USER_PATHS = NO;
				DEBUG_INFORMATION_FORMAT = "dwarf-with-dsym";
				GCC_MODEL_TUNING = G5;
				GCC_PRECOMPILE_PREFIX_HEADER = YES;
				GCC_PREFIX_HEADER = Server_Prefix.pch;
				INFOPLIST_FILE = "Server-Info.plist";
				INSTALL_PATH = "$(HOME)/Applications";
				PRODUCT_NAME = Server;
			};
			name = Release;
		};
		C01FCF4F08A954540054247B /* Debug */ = {
			isa = XCBuildConfiguration;
			buildSettings = {
				ARCHS = "$(ARCHS_STANDARD_32_64_BIT)";
				GCC_C_LANGUAGE_STANDARD = gnu99;
				GCC_OPTIMIZATION_LEVEL = 0;
				GCC_VERSION = com.apple.compilers.llvm.clang.1_0;
				GCC_WARN_ABOUT_RETURN_TYPE = YES;
				GCC_WARN_UNUSED_VARIABLE = YES;
				ONLY_ACTIVE_ARCH = YES;
				PREBINDING = NO;
				SDKROOT = macosx10.6;
			};
			name = Debug;
		};
		C01FCF5008A954540054247B /* Release */ = {
			isa = XCBuildConfiguration;
			buildSettings = {
				ARCHS = "$(ARCHS_STANDARD_32_64_BIT)";
				GCC_C_LANGUAGE_STANDARD = gnu99;
				GCC_VERSION = com.apple.compilers.llvm.clang.1_0;
				GCC_WARN_ABOUT_RETURN_TYPE = YES;
				GCC_WARN_UNUSED_VARIABLE = YES;
				PREBINDING = NO;
				SDKROOT = macosx10.6;
			};
			name = Release;
		};
/* End XCBuildConfiguration section */

/* Begin XCConfigurationList section */
		C01FCF4A08A954540054247B /* Build configuration list for PBXNativeTarget "Server" */ = {
			isa = XCConfigurationList;
			buildConfigurations = (
				C01FCF4B08A954540054247B /* Debug */,
				C01FCF4C08A954540054247B /* Release */,
			);
			defaultConfigurationIsVisible = 0;
			defaultConfigurationName = Release;
		};
		C01FCF4E08A954540054247B /* Build configuration list for PBXProject "Server" */ = {
			isa = XCConfigurationList;
			buildConfigurations = (
				C01FCF4F08A954540054247B /* Debug */,
				C01FCF5008A954540054247B /* Release */,
			);
			defaultConfigurationIsVisible = 0;
			defaultConfigurationName = Release;
		};
/* End XCConfigurationList section */
	};
	rootObject = 29B97313FDCFA39411CA2CEA /* Project object */;
}
